{
  "name": "@agent-memory/dsh-adapter",
  "version": "0.2.0",
  "lockfileVersion": 3,
  "requires": true,
  "packages": {
    "": {
      "name": "@agent-memory/dsh-adapter",
      "version": "0.2.0",
      "license": "Apache-2.0",
      "devDependencies": {
        "@deepseek-ai/cordis": "file:../../../deepseek-harness/vendor/cordis",
        "@deepseek-ai/dsh-agent": "file:../../../deepseek-harness/packages/core/agent",
        "@deepseek-ai/dsh-llm": "file:../../../deepseek-harness/packages/llm/llm",
        "@deepseek-ai/dsh-session": "file:../../../deepseek-harness/packages/core/session",
        "@deepseek-ai/dsh-subagent": "file:../../../deepseek-harness/packages/subagent/subagent",
        "@deepseek-ai/dsh-tools": "file:../../../deepseek-harness/packages/core/tools",
        "@types/node": "^22.0.0",
        "typescript": "^5.6.0"
      },
      "peerDependencies": {
        "@deepseek-ai/cordis": "^0.1.7-rc.2",
        "@deepseek-ai/dsh-agent": "^0.1.7-rc.2",
        "@deepseek-ai/dsh-llm": "^0.1.7-rc.2",
        "@deepseek-ai/dsh-session": "^0.1.7-rc.2",
        "@deepseek-ai/dsh-subagent": "^0.1.7-rc.2",
        "@deepseek-ai/dsh-tools": "^0.1.7-rc.2"
      }
    },
    "../../../deepseek-harness/packages/core/agent": {
      "name": "@deepseek-ai/dsh-agent",
      "version": "0.1.7-rc.2",
      "dev": true,
      "license": "MIT",
      "devDependencies": {
        "@deepseek-ai/cordis": "workspace:~",
        "@deepseek-ai/dsh-invariants": "workspace:*",
        "@deepseek-ai/dsh-llm": "workspace:*",
        "@deepseek-ai/dsh-scope": "workspace:*",
        "@deepseek-ai/dsh-session": "workspace:*",
        "@deepseek-ai/dsh-session-projection": "workspace:*",
        "@deepseek-ai/dsh-system-prompt": "workspace:*",
        "@deepseek-ai/dsh-typert-protocol": "workspace:*",
        "@deepseek-ai/dsh-typert-registry": "workspace:*",
        "@deepseek-ai/dsh-util-values": "workspace:*",
        "@deepseek-ai/dsh-workspace": "workspace:*"
      },
      "peerDependencies": {
        "@deepseek-ai/cordis": "workspace:~",
        "@deepseek-ai/dsh-invariants": "workspace:*",
        "@deepseek-ai/dsh-llm": "workspace:*",
        "@deepseek-ai/dsh-scope": "workspace:*",
        "@deepseek-ai/dsh-session": "workspace:*",
        "@deepseek-ai/dsh-session-projection": "workspace:*",
        "@deepseek-ai/dsh-system-prompt": "workspace:*",
        "@deepseek-ai/dsh-typert-protocol": "workspace:*",
        "@deepseek-ai/dsh-util-values": "workspace:*",
        "@deepseek-ai/dsh-workspace": "workspace:*"
      },
      "peerDependenciesMeta": {
        "@deepseek-ai/dsh-workspace": {
          "optional": true
        }
      }
    },
    "../../../deepseek-harness/packages/core/session": {
      "name": "@deepseek-ai/dsh-session",
      "version": "0.1.7-rc.2",
      "dev": true,
      "license": "MIT",
      "dependencies": {
        "@deepseek-ai/dsh-brand": "workspace:*",
        "@deepseek-ai/dsh-llm": "workspace:*",
        "@deepseek-ai/dsh-util-values": "workspace:*"
      },
      "devDependencies": {
        "@deepseek-ai/cordis": "workspace:~",
        "@deepseek-ai/dsh-invariants": "workspace:*",
        "@deepseek-ai/dsh-scope": "workspace:*",
        "@deepseek-ai/dsh-typert-protocol": "workspace:*",
        "@deepseek-ai/dsh-typert-registry": "workspace:*"
      },
      "peerDependencies": {
        "@deepseek-ai/cordis": "workspace:~",
        "@deepseek-ai/dsh-scope": "workspace:*"
      }
    },
    "../../../deepseek-harness/packages/core/tools": {
      "name": "@deepseek-ai/dsh-tools",
      "version": "0.1.7-rc.2",
      "dev": true,
      "license": "MIT",
      "dependencies": {
        "@deepseek-ai/dsh-brand": "workspace:*",
        "@deepseek-ai/dsh-util-values": "workspace:*",
        "@deepseek-ai/schemastery": "workspace:~"
      },
      "devDependencies": {
        "@deepseek-ai/cordis": "workspace:~",
        "@deepseek-ai/dsh-agent": "workspace:*",
        "@deepseek-ai/dsh-invariants": "workspace:*",
        "@deepseek-ai/dsh-llm": "workspace:*",
        "@deepseek-ai/dsh-ptc-runtime": "workspace:*",
        "@deepseek-ai/dsh-sandbox": "workspace:*",
        "@deepseek-ai/dsh-sandbox-policy": "workspace:*",
        "@deepseek-ai/dsh-scope": "workspace:*",
        "@deepseek-ai/dsh-session": "workspace:*",
        "@deepseek-ai/dsh-session-projection": "workspace:*",
        "@deepseek-ai/dsh-system-prompt": "workspace:*",
        "@deepseek-ai/dsh-user-approval": "workspace:*"
      },
      "peerDependencies": {
        "@deepseek-ai/cordis": "workspace:~",
        "@deepseek-ai/dsh-agent": "workspace:*",
        "@deepseek-ai/dsh-invariants": "workspace:*",
        "@deepseek-ai/dsh-llm": "workspace:*",
        "@deepseek-ai/dsh-ptc-runtime": "workspace:*",
        "@deepseek-ai/dsh-sandbox": "workspace:*",
        "@deepseek-ai/dsh-sandbox-policy": "workspace:*",
        "@deepseek-ai/dsh-scope": "workspace:*",
        "@deepseek-ai/dsh-session": "workspace:*",
        "@deepseek-ai/dsh-system-prompt": "workspace:*",
        "@deepseek-ai/dsh-user-approval": "workspace:*"
      }
    },
    "../../../deepseek-harness/packages/llm/llm": {
      "name": "@deepseek-ai/dsh-llm",
      "version": "0.1.7-rc.2",
      "dev": true,
      "license": "MIT",
      "dependencies": {
        "@deepseek-ai/dsh-brand": "workspace:*",
        "@deepseek-ai/dsh-timeout": "workspace:*",
        "@deepseek-ai/dsh-typert-protocol": "workspace:*",
        "@deepseek-ai/dsh-util-crypto": "workspace:*",
        "@deepseek-ai/dsh-util-values": "workspace:*",
        "@deepseek-ai/schemastery": "workspace:~",
        "zod": "^4.4.3"
      },
      "devDependencies": {
        "@deepseek-ai/cordis": "workspace:~",
        "@deepseek-ai/dsh-attachment": "workspace:*",
        "@deepseek-ai/dsh-invariants": "workspace:*"
      },
      "peerDependencies": {
        "@deepseek-ai/cordis": "workspace:~"
      }
    },
    "../../../deepseek-harness/packages/subagent/subagent": {
      "name": "@deepseek-ai/dsh-subagent",
      "version": "0.1.7-rc.2",
      "dev": true,
      "license": "MIT",
      "dependencies": {
        "@deepseek-ai/dsh-brand": "workspace:*",
        "@deepseek-ai/dsh-chunked-list": "workspace:*",
        "@deepseek-ai/dsh-util-values": "workspace:*",
        "@deepseek-ai/schemastery": "workspace:~",
        "zod": "^4.4.3"
      },
      "devDependencies": {
        "@deepseek-ai/cordis": "workspace:~",
        "@deepseek-ai/dsh-agent": "workspace:*",
        "@deepseek-ai/dsh-agent-preset-registry": "workspace:*",
        "@deepseek-ai/dsh-attachment": "workspace:*",
        "@deepseek-ai/dsh-invariants": "workspace:*",
        "@deepseek-ai/dsh-jobs": "workspace:*",
        "@deepseek-ai/dsh-llm": "workspace:*",
        "@deepseek-ai/dsh-permission-presets": "workspace:*",
        "@deepseek-ai/dsh-sandbox": "workspace:*",
        "@deepseek-ai/dsh-sandbox-policy": "workspace:*",
        "@deepseek-ai/dsh-schedule": "workspace:*",
        "@deepseek-ai/dsh-scope": "workspace:*",
        "@deepseek-ai/dsh-session": "workspace:*",
        "@deepseek-ai/dsh-session-persistence": "workspace:*",
        "@deepseek-ai/dsh-session-projection": "workspace:*",
        "@deepseek-ai/dsh-session-query": "workspace:*",
        "@deepseek-ai/dsh-storage": "workspace:*",
        "@deepseek-ai/dsh-storage-domain": "workspace:*",
        "@deepseek-ai/dsh-storage-json": "workspace:*",
        "@deepseek-ai/dsh-system-prompt": "workspace:*",
        "@deepseek-ai/dsh-tools": "workspace:*",
        "@deepseek-ai/dsh-typert-protocol": "workspace:*",
        "@deepseek-ai/dsh-user-approval": "workspace:*",
        "@deepseek-ai/dsh-util-time": "workspace:*",
        "@deepseek-ai/dsh-workspace": "workspace:*"
      },
      "peerDependencies": {
        "@deepseek-ai/cordis": "workspace:~",
        "@deepseek-ai/dsh-agent": "workspace:*",
        "@deepseek-ai/dsh-agent-preset-registry": "workspace:*",
        "@deepseek-ai/dsh-attachment": "workspace:*",
        "@deepseek-ai/dsh-invariants": "workspace:*",
        "@deepseek-ai/dsh-jobs": "workspace:*",
        "@deepseek-ai/dsh-llm": "workspace:*",
        "@deepseek-ai/dsh-permission-presets": "workspace:*",
        "@deepseek-ai/dsh-sandbox": "workspace:*",
        "@deepseek-ai/dsh-sandbox-policy": "workspace:*",
        "@deepseek-ai/dsh-scope": "workspace:*",
        "@deepseek-ai/dsh-session": "workspace:*",
        "@deepseek-ai/dsh-session-persistence": "workspace:*",
        "@deepseek-ai/dsh-session-projection": "workspace:*",
        "@deepseek-ai/dsh-session-query": "workspace:*",
        "@deepseek-ai/dsh-system-prompt": "workspace:*",
        "@deepseek-ai/dsh-tools": "workspace:*",
        "@deepseek-ai/dsh-typert-protocol": "workspace:*",
        "@deepseek-ai/dsh-user-approval": "workspace:*",
        "@deepseek-ai/dsh-util-time": "workspace:*",
        "@deepseek-ai/dsh-workspace": "workspace:*"
      },
      "peerDependenciesMeta": {
        "@deepseek-ai/dsh-agent-preset-registry": {
          "optional": true
        },
        "@deepseek-ai/dsh-jobs": {
          "optional": true
        },
        "@deepseek-ai/dsh-permission-presets": {
          "optional": true
        },
        "@deepseek-ai/dsh-sandbox": {
          "optional": true
        },
        "@deepseek-ai/dsh-sandbox-policy": {
          "optional": true
        },
        "@deepseek-ai/dsh-session-persistence": {
          "optional": true
        },
        "@deepseek-ai/dsh-session-projection": {
          "optional": true
        },
        "@deepseek-ai/dsh-session-query": {
          "optional": true
        },
        "@deepseek-ai/dsh-settings": {
          "optional": true
        },
        "@deepseek-ai/dsh-user-approval": {
          "optional": true
        },
        "@deepseek-ai/dsh-workspace": {
          "optional": true
        }
      }
    },
    "../../../deepseek-harness/vendor/cordis": {
      "name": "@deepseek-ai/cordis",
      "version": "4.0.4",
      "dev": true,
      "license": "MIT",
      "dependencies": {
        "@deepseek-ai/cosmokit": "workspace:~",
        "@standard-schema/spec": "^1.1.0"
      },
      "bin": {
        "cordis": "bin.js"
      },
      "peerDependencies": {
        "@deepseek-ai/cordis-plugin-include": "workspace:~",
        "@deepseek-ai/cordis-plugin-loader": "workspace:~"
      },
      "peerDependenciesMeta": {
        "@deepseek-ai/cordis-plugin-include": {
          "optional": true
        },
        "@deepseek-ai/cordis-plugin-loader": {
          "optional": true
        }
      }
    },
    "node_modules/@deepseek-ai/cordis": {
      "resolved": "../../../deepseek-harness/vendor/cordis",
      "link": true
    },
    "node_modules/@deepseek-ai/dsh-agent": {
      "resolved": "../../../deepseek-harness/packages/core/agent",
      "link": true
    },
    "node_modules/@deepseek-ai/dsh-llm": {
      "resolved": "../../../deepseek-harness/packages/llm/llm",
      "link": true
    },
    "node_modules/@deepseek-ai/dsh-session": {
      "resolved": "../../../deepseek-harness/packages/core/session",
      "link": true
    },
    "node_modules/@deepseek-ai/dsh-subagent": {
      "resolved": "../../../deepseek-harness/packages/subagent/subagent",
      "link": true
    },
    "node_modules/@deepseek-ai/dsh-tools": {
      "resolved": "../../../deepseek-harness/packages/core/tools",
      "link": true
    },
    "node_modules/@types/node": {
      "version": "22.20.4",
      "resolved": "https://registry.npmmirror.com/@types/node/-/node-22.20.4.tgz",
      "integrity": "sha512-zJRE40jpHtKqE/C4fgHrAKQLJuSpzEnP9ff9Y7YtoR3Wd2pwqzlekDeEuUQXjRd+QCYnVnNwuJYmhdk9XV8gvA==",
      "dev": true,
      "license": "MIT",
      "dependencies": {
        "undici-types": "~6.21.0"
      }
    },
    "node_modules/typescript": {
      "version": "5.9.3",
      "resolved": "https://registry.npmmirror.com/typescript/-/typescript-5.9.3.tgz",
      "integrity": "sha512-jl1vZzPDinLr9eUt3J/t7V6FgNEw9QjvBPdysz9KfQDD41fQrC2Y4vKQdiaUpFT4bXlb1RHhLpp8wtm6M5TgSw==",
      "dev": true,
      "license": "Apache-2.0",
      "bin": {
        "tsc": "bin/tsc",
        "tsserver": "bin/tsserver"
      },
      "engines": {
        "node": ">=14.17"
      }
    },
    "node_modules/undici-types": {
      "version": "6.21.0",
      "resolved": "https://registry.npmmirror.com/undici-types/-/undici-types-6.21.0.tgz",
      "integrity": "sha512-iwDZqg0QAGrg9Rav5H4n0M64c3mkR59cJ6wQp+7C4nI0gsmExaedaYLNO44eT4AtBBwjbTiGPMlt2Md0T9H9JQ==",
      "dev": true,
      "license": "MIT"
    }
  }
}
